// !$*UTF8*$!
{
	archiveVersion = 1;
	classes = {
	};
	objectVersion = 55;
	objects = {

/* Begin PBXBuildFile section */
		36E3B35BF4F89D6B5D080A17 /* Pods_HomeWork_2_8__Button.framework in Frameworks */ = {isa = PBXBuildFile; fileRef = 5B309C83D502A80F891AB1E9 /* Pods_HomeWork_2_8__Button.framework */; };
		8C5E33F6274D8C0B00638C60 /* AppDelegate.swift in Sources */ = {isa = PBXBuildFile; fileRef = 8C5E33F5274D8C0B00638C60 /* AppDelegate.swift */; };
		8C5E33F8274D8C0B00638C60 /* SceneDelegate.swift in Sources */ = {isa = PBXBuildFile; fileRef = 8C5E33F7274D8C0B00638C60 /* SceneDelegate.swift */; };
		8C5E33FA274D8C0B00638C60 /* ViewController.swift in Sources */ = {isa = PBXBuildFile; fileRef = 8C5E33F9274D8C0B00638C60 /* ViewController.swift */; };
		8C5E33FD274D8C0B00638C60 /* Main.storyboard in Resources */ = {isa = PBXBuildFile; fileRef = 8C5E33FB274D8C0B00638C60 /* Main.storyboard */; };
		8C5E33FF274D8C1100638C60 /* Assets.xcassets in Resources */ = {isa = PBXBuildFile; fileRef = 8C5E33FE274D8C1100638C60 /* Assets.xcassets */; };
		8C5E3402274D8C1100638C60 /* LaunchScreen.storyboard in Resources */ = {isa = PBXBuildFile; fileRef = 8C5E3400274D8C1100638C60 /* LaunchScreen.storyboard */; };
		8C939E6B274E4CFA004ECFB0 /* Animations.swift in Sources */ = {isa = PBXBuildFile; fileRef = 8C939E6A274E4CFA004ECFB0 /* Animations.swift */; };
/* End PBXBuildFile section */

/* Begin PBXFileReference section */
		1DE64644316C46861D987752 /* Pods-HomeWork 2.8. Button.release.xcconfig */ = {isa = PBXFileReference; includeInIndex = 1; lastKnownFileType = text.xcconfig; name = "Pods-HomeWork 2.8. Button.release.xcconfig"; path = "Target Support Files/Pods-HomeWork 2.8. Button/Pods-HomeWork 2.8. Button.release.xcconfig"; sourceTree = "<group>"; };
		5B309C83D502A80F891AB1E9 /* Pods_HomeWork_2_8__Button.framework */ = {isa = PBXFileReference; explicitFileType = wrapper.framework; includeInIndex = 0; path = Pods_HomeWork_2_8__Button.framework; sourceTree = BUILT_PRODUCTS_DIR; };
		6BA6F4BB85E332BC28E1277C /* Pods-HomeWork 2.8. Button.debug.xcconfig */ = {isa = PBXFileReference; includeInIndex = 1; lastKnownFileType = text.xcconfig; name = "Pods-HomeWork 2.8. Button.debug.xcconfig"; path = "Target Support Files/Pods-HomeWork 2.8. Button/Pods-HomeWork 2.8. Button.debug.xcconfig"; sourceTree = "<group>"; };
		8C5E33F2274D8C0B00638C60 /* HomeWork 2.9. Button.app */ = {isa = PBXFileReference; explicitFileType = wrapper.application; includeInIndex = 0; path = "HomeWork 2.9. Button.app"; sourceTree = BUILT_PRODUCTS_DIR; };
		8C5E33F5274D8C0B00638C60 /* AppDelegate.swift */ = {isa = PBXFileReference; lastKnownFileType = sourcecode.swift; path = AppDelegate.swift; sourceTree = "<group>"; };
		8C5E33F7274D8C0B00638C60 /* SceneDelegate.swift */ = {isa = PBXFileReference; lastKnownFileType = sourcecode.swift; path = SceneDelegate.swift; sourceTree = "<group>"; };
		8C5E33F9274D8C0B00638C60 /* ViewController.swift */ = {isa = PBXFileReference; lastKnownFileType = sourcecode.swift; path = ViewController.swift; sourceTree = "<group>"; };
		8C5E33FC274D8C0B00638C60 /* Base */ = {isa = PBXFileReference; lastKnownFileType = file.storyboard; name = Base; path = Base.lproj/Main.storyboard; sourceTree = "<group>"; };
		8C5E33FE274D8C1100638C60 /* Assets.xcassets */ = {isa = PBXFileReference; lastKnownFileType = folder.assetcatalog; path = Assets.xcassets; sourceTree = "<group>"; };
		8C5E3401274D8C1100638C60 /* Base */ = {isa = PBXFileReference; lastKnownFileType = file.storyboard; name = Base; path = Base.lproj/LaunchScreen.storyboard; sourceTree = "<group>"; };
		8C5E3403274D8C1100638C60 /* Info.plist */ = {isa = PBXFileReference; lastKnownFileType = text.plist.xml; path = Info.plist; sourceTree = "<group>"; };
		8C939E6A274E4CFA004ECFB0 /* Animations.swift */ = {isa = PBXFileReference; lastKnownFileType = sourcecode.swift; path = Animations.swift; sourceTree = "<group>"; };
/* End PBXFileReference section */

/* Begin PBXFrameworksBuildPhase section */
		8C5E33EF274D8C0B00638C60 /* Frameworks */ = {
			isa = PBXFrameworksBuildPhase;
			buildActionMask = 2147483647;
			files = (
				36E3B35BF4F89D6B5D080A17 /* Pods_HomeWork_2_8__Button.framework in Frameworks */,
			);
			runOnlyForDeploymentPostprocessing = 0;
		};
/* End PBXFrameworksBuildPhase section */

/* Begin PBXGroup section */
		8C5E33E9274D8C0B00638C60 = {
			isa = PBXGroup;
			children = (
				8C5E33F4274D8C0B00638C60 /* HomeWork 2.9. Button */,
				8C5E33F3274D8C0B00638C60 /* Products */,
				966A3D0A7BCE8C29BCBDCA69 /* Pods */,
				CEF7BB6B33610770433A902C /* Frameworks */,
			);
			sourceTree = "<group>";
		};
		8C5E33F3274D8C0B00638C60 /* Products */ = {
			isa = PBXGroup;
			children = (
				8C5E33F2274D8C0B00638C60 /* HomeWork 2.9. Button.app */,
			);
			name = Products;
			sourceTree = "<group>";
		};
		8C5E33F4274D8C0B00638C60 /* HomeWork 2.9. Button */ = {
			isa = PBXGroup;
			children = (
				8C939E6E274E4D23004ECFB0 /* Delegates */,
				8C939E6D274E4D14004ECFB0 /* ViewControllers */,
				8C939E6C274E4D02004ECFB0 /* Models */,
				8C939E6F274E4D3A004ECFB0 /* Storyboards */,
				8C5E33FE274D8C1100638C60 /* Assets.xcassets */,
				8C5E3403274D8C1100638C60 /* Info.plist */,
			);
			path = "HomeWork 2.9. Button";
			sourceTree = "<group>";
		};
		8C939E6C274E4D02004ECFB0 /* Models */ = {
			isa = PBXGroup;
			children = (
				8C939E6A274E4CFA004ECFB0 /* Animations.swift */,
			);
			path = Models;
			sourceTree = "<group>";
		};
		8C939E6D274E4D14004ECFB0 /* ViewControllers */ = {
			isa = PBXGroup;
			children = (
				8C5E33F9274D8C0B00638C60 /* ViewController.swift */,
			);
			path = ViewControllers;
			sourceTree = "<group>";
		};
		8C939E6E274E4D23004ECFB0 /* Delegates */ = {
			isa = PBXGroup;
			children = (
				8C5E33F5274D8C0B00638C60 /* AppDelegate.swift */,
				8C5E33F7274D8C0B00638C60 /* SceneDelegate.swift */,
			);
			path = Delegates;
			sourceTree = "<group>";
		};
		8C939E6F274E4D3A004ECFB0 /* Storyboards */ = {
			isa = PBXGroup;
			children = (
				8C5E33FB274D8C0B00638C60 /* Main.storyboard */,
				8C5E3400274D8C1100638C60 /* LaunchScreen.storyboard */,
			);
			path = Storyboards;
			sourceTree = "<group>";
		};
		966A3D0A7BCE8C29BCBDCA69 /* Pods */ = {
			isa = PBXGroup;
			children = (
				6BA6F4BB85E332BC28E1277C /* Pods-HomeWork 2.8. Button.debug.xcconfig */,
				1DE64644316C46861D987752 /* Pods-HomeWork 2.8. Button.release.xcconfig */,
			);
			path = Pods;
			sourceTree = "<group>";
		};
		CEF7BB6B33610770433A902C /* Frameworks */ = {
			isa = PBXGroup;
			children = (
				5B309C83D502A80F891AB1E9 /* Pods_HomeWork_2_8__Button.framework */,
			);
			name = Frameworks;
			sourceTree = "<group>";
		};
/* End PBXGroup section */

/* Begin PBXNativeTarget section */
		8C5E33F1274D8C0B00638C60 /* HomeWork 2.9. Button */ = {
			isa = PBXNativeTarget;
			buildConfigurationList = 8C5E3406274D8C1100638C60 /* Build configuration list for PBXNativeTarget "HomeWork 2.9. Button" */;
			buildPhases = (
				16E49CA43C656319503C42FE /* [CP] Check Pods Manifest.lock */,
				8C5E33EE274D8C0B00638C60 /* Sources */,
				8C5E33EF274D8C0B00638C60 /* Frameworks */,
				8C5E33F0274D8C0B00638C60 /* Resources */,
				D326F10C752667A4C93445AD /* [CP] Embed Pods Frameworks */,
			);
			buildRules = (
			);
			dependencies = (
			);
			name = "HomeWork 2.9. Button";
			productName = "HomeWork 2.8. Button";
			productReference = 8C5E33F2274D8C0B00638C60 /* HomeWork 2.9. Button.app */;
			productType = "com.apple.product-type.application";
		};
/* End PBXNativeTarget section */

/* Begin PBXProject section */
		8C5E33EA274D8C0B00638C60 /* Project object */ = {
			isa = PBXProject;
			attributes = {
				BuildIndependentTargetsInParallel = 1;
				LastSwiftUpdateCheck = 1310;
				LastUpgradeCheck = 1310;
				TargetAttributes = {
					8C5E33F1274D8C0B00638C60 = {
						CreatedOnToolsVersion = 13.1;
					};
				};
			};
			buildConfigurationList = 8C5E33ED274D8C0B00638C60 /* Build configuration list for PBXProject "HomeWork 2.9. Button" */;
			compatibilityVersion = "Xcode 13.0";
			developmentRegion = en;
			hasScannedForEncodings = 0;
			knownRegions = (
				en,
				Base,
			);
			mainGroup = 8C5E33E9274D8C0B00638C60;
			productRefGroup = 8C5E33F3274D8C0B00638C60 /* Products */;
			projectDirPath = "";
			projectRoot = "";
			targets = (
				8C5E33F1274D8C0B00638C60 /* HomeWork 2.9. Button */,
			);
		};
/* End PBXProject section */

/* Begin PBXResourcesBuildPhase section */
		8C5E33F0274D8C0B00638C60 /* Resources */ = {
			isa = PBXResourcesBuildPhase;
			buildActionMask = 2147483647;
			files = (
				8C5E3402274D8C1100638C60 /* LaunchScreen.storyboard in Resources */,
				8C5E33FF274D8C1100638C60 /* Assets.xcassets in Resources */,
				8C5E33FD274D8C0B00638C60 /* Main.storyboard in Resources */,
			);
			runOnlyForDeploymentPostprocessing = 0;
		};
/* End PBXResourcesBuildPhase section */

/* Begin PBXShellScriptBuildPhase section */
		16E49CA43C656319503C42FE /* [CP] Check Pods Manifest.lock */ = {
			isa = PBXShellScriptBuildPhase;
			buildActionMask = 2147483647;
			files = (
			);
			inputFileListPaths = (
			);
			inputPaths = (
				"${PODS_PODFILE_DIR_PATH}/Podfile.lock",
				"${PODS_ROOT}/Manifest.lock",
			);
			name = "[CP] Check Pods Manifest.lock";
			outputFileListPaths = (
			);
			outputPaths = (
				"$(DERIVED_FILE_DIR)/Pods-HomeWork 2.8. Button-checkManifestLockResult.txt",
			);
			runOnlyForDeploymentPostprocessing = 0;
			shellPath = /bin/sh;
			shellScript = "diff \"${PODS_PODFILE_DIR_PATH}/Podfile.lock\" \"${PODS_ROOT}/Manifest.lock\" > /dev/null\nif [ $? != 0 ] ; then\n    # print error to STDERR\n    echo \"error: The sandbox is not in sync with the Podfile.lock. Run 'pod install' or update your CocoaPods installation.\" >&2\n    exit 1\nfi\n# This output is used by Xcode 'outputs' to avoid re-running this script phase.\necho \"SUCCESS\" > \"${SCRIPT_OUTPUT_FILE_0}\"\n";
			showEnvVarsInLog = 0;
		};
		D326F10C752667A4C93445AD /* [CP] Embed Pods Frameworks */ = {
			isa = PBXShellScriptBuildPhase;
			buildActionMask = 2147483647;
			files = (
			);
			inputFileListPaths = (
				"${PODS_ROOT}/Target Support Files/Pods-HomeWork 2.8. Button/Pods-HomeWork 2.8. Button-frameworks-${CONFIGURATION}-input-files.xcfilelist",
			);
			name = "[CP] Embed Pods Frameworks";
			outputFileListPaths = (
				"${PODS_ROOT}/Target Support Files/Pods-HomeWork 2.8. Button/Pods-HomeWork 2.8. Button-frameworks-${CONFIGURATION}-output-files.xcfilelist",
			);
			runOnlyForDeploymentPostprocessing = 0;
			shellPath = /bin/sh;
			shellScript = "\"${PODS_ROOT}/Target Support Files/Pods-HomeWork 2.8. Button/Pods-HomeWork 2.8. Button-frameworks.sh\"\n";
			showEnvVarsInLog = 0;
		};
/* End PBXShellScriptBuildPhase section */

/* Begin PBXSourcesBuildPhase section */
		8C5E33EE274D8C0B00638C60 /* Sources */ = {
			isa = PBXSourcesBuildPhase;
			buildActionMask = 2147483647;
			files = (
				8C5E33FA274D8C0B00638C60 /* ViewController.swift in Sources */,
				8C5E33F6274D8C0B00638C60 /* AppDelegate.swift in Sources */,
				8C939E6B274E4CFA004ECFB0 /* Animations.swift in Sources */,
				8C5E33F8274D8C0B00638C60 /* SceneDelegate.swift in Sources */,
			);
			runOnlyForDeploymentPostprocessing = 0;
		};
/* End PBXSourcesBuildPhase section */

/* Begin PBXVariantGroup section */
		8C5E33FB274D8C0B00638C60 /* Main.storyboard */ = {
			isa = PBXVariantGroup;
			children = (
				8C5E33FC274D8C0B00638C60 /* Base */,
			);
			name = Main.storyboard;
			sourceTree = "<group>";
		};
		8C5E3400274D8C1100638C60 /* LaunchScreen.storyboard */ = {
			isa = PBXVariantGroup;
			children = (
				8C5E3401274D8C1100638C60 /* Base */,
			);
			name = LaunchScreen.storyboard;
			sourceTree = "<group>";
		};
/* End PBXVariantGroup section */

/* Begin XCBuildConfiguration section */
		8C5E3404274D8C1100638C60 /* Debug */ = {
			isa = XCBuildConfiguration;
			buildSettings = {
				ALWAYS_SEARCH_USER_PATHS = NO;
				CLANG_ANALYZER_NONNULL = YES;
				CLANG_ANALYZER_NUMBER_OBJECT_CONVERSION = YES_AGGRESSIVE;
				CLANG_CXX_LANGUAGE_STANDARD = "gnu++17";
				CLANG_CXX_LIBRARY = "libc++";
				CLANG_ENABLE_MODULES = YES;
				CLANG_ENABLE_OBJC_ARC = YES;
				CLANG_ENABLE_OBJC_WEAK = YES;
				CLANG_WARN_BLOCK_CAPTURE_AUTORELEASING = YES;
				CLANG_WARN_BOOL_CONVERSION = YES;
				CLANG_WARN_COMMA = YES;
				CLANG_WARN_CONSTANT_CONVERSION = YES;
				CLANG_WARN_DEPRECATED_OBJC_IMPLEMENTATIONS = YES;
				CLANG_WARN_DIRECT_OBJC_ISA_USAGE = YES_ERROR;
				CLANG_WARN_DOCUMENTATION_COMMENTS = YES;
				CLANG_WARN_EMPTY_BODY = YES;
				CLANG_WARN_ENUM_CONVERSION = YES;
				CLANG_WARN_INFINITE_RECURSION = YES;
				CLANG_WARN_INT_CONVERSION = YES;
				CLANG_WARN_NON_LITERAL_NULL_CONVERSION = YES;
				CLANG_WARN_OBJC_IMPLICIT_RETAIN_SELF = YES;
				CLANG_WARN_OBJC_LITERAL_CONVERSION = YES;
				CLANG_WARN_OBJC_ROOT_CLASS = YES_ERROR;
				CLANG_WARN_QUOTED_INCLUDE_IN_FRAMEWORK_HEADER = YES;
				CLANG_WARN_RANGE_LOOP_ANALYSIS = YES;
				CLANG_WARN_STRICT_PROTOTYPES = YES;
				CLANG_WARN_SUSPICIOUS_MOVE = YES;
				CLANG_WARN_UNGUARDED_AVAILABILITY = YES_AGGRESSIVE;
				CLANG_WARN_UNREACHABLE_CODE = YES;
				CLANG_WARN__DUPLICATE_METHOD_MATCH = YES;
				COPY_PHASE_STRIP = NO;
				DEBUG_INFORMATION_FORMAT = dwarf;
				ENABLE_STRICT_OBJC_MSGSEND = YES;
				ENABLE_TESTABILITY = YES;
				GCC_C_LANGUAGE_STANDARD = gnu11;
				GCC_DYNAMIC_NO_PIC = NO;
				GCC_NO_COMMON_BLOCKS = YES;
				GCC_OPTIMIZATION_LEVEL = 0;
				GCC_PREPROCESSOR_DEFINITIONS = (
					"DEBUG=1",
					"$(inherited)",
				);
				GCC_WARN_64_TO_32_BIT_CONVERSION = YES;
				GCC_WARN_ABOUT_RETURN_TYPE = YES_ERROR;
				GCC_WARN_UNDECLARED_SELECTOR = YES;
				GCC_WARN_UNINITIALIZED_AUTOS = YES_AGGRESSIVE;
				GCC_WARN_UNUSED_FUNCTION = YES;
				GCC_WARN_UNUSED_VARIABLE = YES;
				IPHONEOS_DEPLOYMENT_TARGET = 15.0;
				MTL_ENABLE_DEBUG_INFO = INCLUDE_SOURCE;
				MTL_FAST_MATH = YES;
				ONLY_ACTIVE_ARCH = YES;
				SDKROOT = iphoneos;
				SWIFT_ACTIVE_COMPILATION_CONDITIONS = DEBUG;
				SWIFT_OPTIMIZATION_LEVEL = "-Onone";
			};
			name = Debug;
		};
		8C5E3405274D8C1100638C60 /* Release */ = {
			isa = XCBuildConfiguration;
			buildSettings = {
				ALWAYS_SEARCH_USER_PATHS = NO;
				CLANG_ANALYZER_NONNULL = YES;
				CLANG_ANALYZER_NUMBER_OBJECT_CONVERSION = YES_AGGRESSIVE;
				CLANG_CXX_LANGUAGE_STANDARD = "gnu++17";
				CLANG_CXX_LIBRARY = "libc++";
				CLANG_ENABLE_MODULES = YES;
				CLANG_ENABLE_OBJC_ARC = YES;
				CLANG_ENABLE_OBJC_WEAK = YES;
				CLANG_WARN_BLOCK_CAPTURE_AUTORELEASING = YES;
				CLANG_WARN_BOOL_CONVERSION = YES;
				CLANG_WARN_COMMA = YES;
				CLANG_WARN_CONSTANT_CONVERSION = YES;
				CLANG_WARN_DEPRECATED_OBJC_IMPLEMENTATIONS = YES;
				CLANG_WARN_DIRECT_OBJC_ISA_USAGE = YES_ERROR;
				CLANG_WARN_DOCUMENTATION_COMMENTS = YES;
				CLANG_WARN_EMPTY_BODY = YES;
				CLANG_WARN_ENUM_CONVERSION = YES;
				CLANG_WARN_INFINITE_RECURSION = YES;
				CLANG_WARN_INT_CONVERSION = YES;
				CLANG_WARN_NON_LITERAL_NULL_CONVERSION = YES;
				CLANG_WARN_OBJC_IMPLICIT_RETAIN_SELF = YES;
				CLANG_WARN_OBJC_LITERAL_CONVERSION = YES;
				CLANG_WARN_OBJC_ROOT_CLASS = YES_ERROR;
				CLANG_WARN_QUOTED_INCLUDE_IN_FRAMEWORK_HEADER = YES;
				CLANG_WARN_RANGE_LOOP_ANALYSIS = YES;
				CLANG_WARN_STRICT_PROTOTYPES = YES;
				CLANG_WARN_SUSPICIOUS_MOVE = YES;
				CLANG_WARN_UNGUARDED_AVAILABILITY = YES_AGGRESSIVE;
				CLANG_WARN_UNREACHABLE_CODE = YES;
				CLANG_WARN__DUPLICATE_METHOD_MATCH = YES;
				COPY_PHASE_STRIP = NO;
				DEBUG_INFORMATION_FORMAT = "dwarf-with-dsym";
				ENABLE_NS_ASSERTIONS = NO;
				ENABLE_STRICT_OBJC_MSGSEND = YES;
				GCC_C_LANGUAGE_STANDARD = gnu11;
				GCC_NO_COMMON_BLOCKS = YES;
				GCC_WARN_64_TO_32_BIT_CONVERSION = YES;
				GCC_WARN_ABOUT_RETURN_TYPE = YES_ERROR;
				GCC_WARN_UNDECLARED_SELECTOR = YES;
				GCC_WARN_UNINITIALIZED_AUTOS = YES_AGGRESSIVE;
				GCC_WARN_UNUSED_FUNCTION = YES;
				GCC_WARN_UNUSED_VARIABLE = YES;
				IPHONEOS_DEPLOYMENT_TARGET = 15.0;
				MTL_ENABLE_DEBUG_INFO = NO;
				MTL_FAST_MATH = YES;
				SDKROOT = iphoneos;
				SWIFT_COMPILATION_MODE = wholemodule;
				SWIFT_OPTIMIZATION_LEVEL = "-O";
				VALIDATE_PRODUCT = YES;
			};
			name = Release;
		};
		8C5E3407274D8C1100638C60 /* Debug */ = {
			isa = XCBuildConfiguration;
			baseConfigurationReference = 6BA6F4BB85E332BC28E1277C /* Pods-HomeWork 2.8. Button.debug.xcconfig */;
			buildSettings = {
				ASSETCATALOG_COMPILER_APPICON_NAME = AppIcon;
				ASSETCATALOG_COMPILER_GLOBAL_ACCENT_COLOR_NAME = AccentColor;
				CODE_SIGN_STYLE = Automatic;
				CURRENT_PROJECT_VERSION = 1;
				DEVELOPMENT_TEAM = B9L3QT35LL;
				GENERATE_INFOPLIST_FILE = YES;
				INFOPLIST_FILE = "HomeWork 2.8. Button/Info.plist";
				INFOPLIST_KEY_UIApplicationSupportsIndirectInputEvents = YES;
				INFOPLIST_KEY_UILaunchStoryboardName = LaunchScreen;
				INFOPLIST_KEY_UIMainStoryboardFile = Main;
				INFOPLIST_KEY_UISupportedInterfaceOrientations = UIInterfaceOrientationPortrait;
				INFOPLIST_KEY_UISupportedInterfaceOrientations_iPad = "UIInterfaceOrientationPortrait UIInterfaceOrientationPortraitUpsideDown UIInterfaceOrientationLandscapeLeft UIInterfaceOrientationLandscapeRight";
				INFOPLIST_KEY_UISupportedInterfaceOrientations_iPhone = "UIInterfaceOrientationPortrait UIInterfaceOrientationLandscapeLeft UIInterfaceOrientationLandscapeRight";
				LD_RUNPATH_SEARCH_PATHS = (
					"$(inherited)",
					"@executable_path/Frameworks",
				);
				MARKETING_VERSION = 1.0;
				PRODUCT_BUNDLE_IDENTIFIER = "com.irinabexter.HomeWork-2-8--Button";
				PRODUCT_NAME = "$(TARGET_NAME)";
				SWIFT_EMIT_LOC_STRINGS = YES;
				SWIFT_VERSION = 5.0;
				TARGETED_DEVICE_FAMILY = 1;
			};
			name = Debug;
		};
		8C5E3408274D8C1100638C60 /* Release */ = {
			isa = XCBuildConfiguration;
			baseConfigurationReference = 1DE64644316C46861D987752 /* Pods-HomeWork 2.8. Button.release.xcconfig */;
			buildSettings = {
				ASSETCATALOG_COMPILER_APPICON_NAME = AppIcon;
				ASSETCATALOG_COMPILER_GLOBAL_ACCENT_COLOR_NAME = AccentColor;
				CODE_SIGN_STYLE = Automatic;
				CURRENT_PROJECT_VERSION = 1;
				DEVELOPMENT_TEAM = B9L3QT35LL;
				GENERATE_INFOPLIST_FILE = YES;
				INFOPLIST_FILE = "HomeWork 2.8. Button/Info.plist";
				INFOPLIST_KEY_UIApplicationSupportsIndirectInputEvents = YES;
				INFOPLIST_KEY_UILaunchStoryboardName = LaunchScreen;
				INFOPLIST_KEY_UIMainStoryboardFile = Main;
				INFOPLIST_KEY_UISupportedInterfaceOrientations = UIInterfaceOrientationPortrait;
				INFOPLIST_KEY_UISupportedInterfaceOrientations_iPad = "UIInterfaceOrientationPortrait UIInterfaceOrientationPortraitUpsideDown UIInterfaceOrientationLandscapeLeft UIInterfaceOrientationLandscapeRight";
				INFOPLIST_KEY_UISupportedInterfaceOrientations_iPhone = "UIInterfaceOrientationPortrait UIInterfaceOrientationLandscapeLeft UIInterfaceOrientationLandscapeRight";
				LD_RUNPATH_SEARCH_PATHS = (
					"$(inherited)",
					"@executable_path/Frameworks",
				);
				MARKETING_VERSION = 1.0;
				PRODUCT_BUNDLE_IDENTIFIER = "com.irinabexter.HomeWork-2-8--Button";
				PRODUCT_NAME = "$(TARGET_NAME)";
				SWIFT_EMIT_LOC_STRINGS = YES;
				SWIFT_VERSION = 5.0;
				TARGETED_DEVICE_FAMILY = 1;
			};
			name = Release;
		};
/* End XCBuildConfiguration section */

/* Begin XCConfigurationList section */
		8C5E33ED274D8C0B00638C60 /* Build configuration list for PBXProject "HomeWork 2.9. Button" */ = {
			isa = XCConfigurationList;
			buildConfigurations = (
				8C5E3404274D8C1100638C60 /* Debug */,
				8C5E3405274D8C1100638C60 /* Release */,
			);
			defaultConfigurationIsVisible = 0;
			defaultConfigurationName = Release;
		};
		8C5E3406274D8C1100638C60 /* Build configuration list for PBXNativeTarget "HomeWork 2.9. Button" */ = {
			isa = XCConfigurationList;
			buildConfigurations = (
				8C5E3407274D8C1100638C60 /* Debug */,
				8C5E3408274D8C1100638C60 /* Release */,
			);
			defaultConfigurationIsVisible = 0;
			defaultConfigurationName = Release;
		};
/* End XCConfigurationList section */
	};
	rootObject = 8C5E33EA274D8C0B00638C60 /* Project object */;
}
